
Microsoft Visual Studio Solution File, Format Version 12.00
# Visual Studio Version 17
VisualStudioVersion = 17.8.34316.72
MinimumVisualStudioVersion = 10.0.40219.1
Project("{FAE04EC0-301F-11D3-BF4B-00C04F79EFBC}") = "AdventOfCode2023_4", "AdventOfCode2023_4\AdventOfCode2023_4.csproj", "{9D09D857-91D9-4A69-A77A-0DC82941D538}"
EndProject
Global
	GlobalSection(SolutionConfigurationPlatforms) = preSolution
		Debug|Any CPU = Debug|Any CPU
		Release|Any CPU = Release|Any CPU
	EndGlobalSection
	GlobalSection(ProjectConfigurationPlatforms) = postSolution
		{9D09D857-91D9-4A69-A77A-0DC82941D538}.Debug|Any CPU.ActiveCfg = Debug|Any CPU
		{9D09D857-91D9-4A69-A77A-0DC82941D538}.Debug|Any CPU.Build.0 = Debug|Any CPU
		{9D09D857-91D9-4A69-A77A-0DC82941D538}.Release|Any CPU.ActiveCfg = Release|Any CPU
		{9D09D857-91D9-4A69-A77A-0DC82941D538}.Release|Any CPU.Build.0 = Release|Any CPU
	EndGlobalSection
	GlobalSection(SolutionProperties) = preSolution
		HideSolutionNode = FALSE
	EndGlobalSection
	GlobalSection(ExtensibilityGlobals) = postSolution
		SolutionGuid = {FB481D57-862F-48ED-A244-2074D477E92A}
	EndGlobalSection
EndGlobal
